
Microsoft Visual Studio Solution File, Format Version 12.00
# Visual Studio Version 17
VisualStudioVersion = 17.0.32112.339
MinimumVisualStudioVersion = 10.0.40219.1
Project("{2150E333-8FDC-42A3-9474-1A3956D46DE8}") = "src", "src", "{AFAA0841-BD93-466F-B8F4-FB4EEC86F1FC}"
	ProjectSection(SolutionItems) = preProject
		src\.editorconfig = src\.editorconfig
	EndProjectSection
EndProject
Project("{2150E333-8FDC-42A3-9474-1A3956D46DE8}") = "test", "test", "{F10AA149-2626-486E-85BB-9CD5365F3016}"
EndProject
Project("{9A19103F-16F7-4668-BE54-9A1E7A4F7556}") = "DispatcherWeb.Web.Mvc", "src\DispatcherWeb.Web.Mvc\DispatcherWeb.Web.Mvc.csproj", "{A2213374-BB48-48FD-BBD4-81E6A961D866}"
	ProjectSection(ProjectDependencies) = postProject
		{6143A90B-6C2A-4683-8A3A-4D48702770EA} = {6143A90B-6C2A-4683-8A3A-4D48702770EA}
		{3870C648-4AEA-4B85-BA3F-F2F63B96136A} = {3870C648-4AEA-4B85-BA3F-F2F63B96136A}
		{0FA75A5B-AB83-4FD0-B545-279774C01E87} = {0FA75A5B-AB83-4FD0-B545-279774C01E87}
		{4D6603C1-F7D6-4681-97F8-69B4BBBC0536} = {4D6603C1-F7D6-4681-97F8-69B4BBBC0536}
		{A229F7D5-EE83-462E-8642-E9A2D5EA90FE} = {A229F7D5-EE83-462E-8642-E9A2D5EA90FE}
	EndProjectSection
EndProject
Project("{9A19103F-16F7-4668-BE54-9A1E7A4F7556}") = "DispatcherWeb.Core", "src\DispatcherWeb.Core\DispatcherWeb.Core.csproj", "{0FA75A5B-AB83-4FD0-B545-279774C01E87}"
EndProject
Project("{9A19103F-16F7-4668-BE54-9A1E7A4F7556}") = "DispatcherWeb.Application", "src\DispatcherWeb.Application\DispatcherWeb.Application.csproj", "{3870C648-4AEA-4B85-BA3F-F2F63B96136A}"
EndProject
Project("{9A19103F-16F7-4668-BE54-9A1E7A4F7556}") = "DispatcherWeb.Tests", "test\DispatcherWeb.Tests\DispatcherWeb.Tests.csproj", "{0D4C5D00-C144-4213-A007-4B8944113AB1}"
EndProject
Project("{9A19103F-16F7-4668-BE54-9A1E7A4F7556}") = "DispatcherWeb.Migrator", "src\DispatcherWeb.Migrator\DispatcherWeb.Migrator.csproj", "{7CAD3713-812A-4DE1-BDE3-59225B1E430A}"
EndProject
Project("{9A19103F-16F7-4668-BE54-9A1E7A4F7556}") = "DispatcherWeb.Web.Core", "src\DispatcherWeb.Web.Core\DispatcherWeb.Web.Core.csproj", "{0F0E141D-2626-4114-9805-3AFD8275A6B0}"
EndProject
Project("{9A19103F-16F7-4668-BE54-9A1E7A4F7556}") = "DispatcherWeb.EntityFrameworkCore", "src\DispatcherWeb.EntityFrameworkCore\DispatcherWeb.EntityFrameworkCore.csproj", "{A229F7D5-EE83-462E-8642-E9A2D5EA90FE}"
EndProject
Project("{2150E333-8FDC-42A3-9474-1A3956D46DE8}") = "Solution Items", "Solution Items", "{D04D9608-9CEB-4E0A-B548-410F7475E9F1}"
	ProjectSection(SolutionItems) = preProject
		common.props = common.props
	EndProjectSection
EndProject
Project("{9A19103F-16F7-4668-BE54-9A1E7A4F7556}") = "DispatcherWeb.Application.Shared", "src\DispatcherWeb.Application.Shared\DispatcherWeb.Application.Shared.csproj", "{6143A90B-6C2A-4683-8A3A-4D48702770EA}"
EndProject
Project("{9A19103F-16F7-4668-BE54-9A1E7A4F7556}") = "DispatcherWeb.Core.Shared", "src\DispatcherWeb.Core.Shared\DispatcherWeb.Core.Shared.csproj", "{4D6603C1-F7D6-4681-97F8-69B4BBBC0536}"
EndProject
Project("{9A19103F-16F7-4668-BE54-9A1E7A4F7556}") = "DispatcherWeb.UnitTests", "test\DispatcherWeb.UnitTests\DispatcherWeb.UnitTests.csproj", "{BE6952DD-3E9B-414C-9C78-29E0CD52B385}"
EndProject
Project("{9A19103F-16F7-4668-BE54-9A1E7A4F7556}") = "DispatcherWeb.Test.Base", "Test.Base\DispatcherWeb.Test.Base.csproj", "{B17B6929-13C8-40BD-A464-A9FBB93A32BC}"
EndProject
Project("{9A19103F-16F7-4668-BE54-9A1E7A4F7556}") = "DispatcherWeb.Application.DriverApp", "src\DispatcherWeb.Application.DriverApp\DispatcherWeb.Application.DriverApp.csproj", "{E2CFC4E8-E919-4366-93B3-CA14DE30A8D9}"
EndProject
Project("{9A19103F-16F7-4668-BE54-9A1E7A4F7556}") = "DispatcherWeb.Application.ActiveReports", "src\DispatcherWeb.Application.ActiveReports\DispatcherWeb.Application.ActiveReports.csproj", "{179F7188-84D9-4668-88B0-503216287F1F}"
EndProject
Project("{2150E333-8FDC-42A3-9474-1A3956D46DE8}") = "Abp", "Abp", "{02EA681E-C7D8-13C7-8484-4AC65E1B71E8}"
EndProject
Project("{FAE04EC0-301F-11D3-BF4B-00C04F79EFBC}") = "Abp.AspNetCore", "..\..\ABP\src\Abp.AspNetCore\Abp.AspNetCore.csproj", "{C5C42C50-50AD-31AD-A29C-CB7C9EE97988}"
EndProject
Project("{FAE04EC0-301F-11D3-BF4B-00C04F79EFBC}") = "Abp.AspNetCore.OData", "..\..\ABP\src\Abp.AspNetCore.OData\Abp.AspNetCore.OData.csproj", "{620CFB95-C44A-D6AC-E838-5BDD51C56441}"
EndProject
Project("{FAE04EC0-301F-11D3-BF4B-00C04F79EFBC}") = "Abp.AspNetCore.PerRequestRedisCache", "..\..\ABP\src\Abp.AspNetCore.PerRequestRedisCache\Abp.AspNetCore.PerRequestRedisCache.csproj", "{008998C1-5F71-CE89-1E34-4E539FFD79EC}"
EndProject
Project("{FAE04EC0-301F-11D3-BF4B-00C04F79EFBC}") = "Abp.AspNetCore.SignalR", "..\..\ABP\src\Abp.AspNetCore.SignalR\Abp.AspNetCore.SignalR.csproj", "{1E39AEB3-E69D-DEDA-16A6-5EA9DAB71068}"
EndProject
Project("{FAE04EC0-301F-11D3-BF4B-00C04F79EFBC}") = "Abp.AspNetCore.TestBase", "..\..\ABP\src\Abp.AspNetCore.TestBase\Abp.AspNetCore.TestBase.csproj", "{AABCEF0C-2B80-626B-5B6D-AAD6A7379EE6}"
EndProject
Project("{FAE04EC0-301F-11D3-BF4B-00C04F79EFBC}") = "Abp.Castle.Log4Net", "..\..\ABP\src\Abp.Castle.Log4Net\Abp.Castle.Log4Net.csproj", "{02E789E2-449A-C7B6-41A5-2337464EFB19}"
EndProject
Project("{FAE04EC0-301F-11D3-BF4B-00C04F79EFBC}") = "Abp.EntityFramework.Common", "..\..\ABP\src\Abp.EntityFramework.Common\Abp.EntityFramework.Common.csproj", "{BEE46903-E860-FD10-F7EC-CE65DC3817F9}"
EndProject
Project("{FAE04EC0-301F-11D3-BF4B-00C04F79EFBC}") = "Abp.EntityFrameworkCore", "..\..\ABP\src\Abp.EntityFrameworkCore\Abp.EntityFrameworkCore.csproj", "{2C340DDC-1CD8-A94A-FBC2-E59502FFAA37}"
EndProject
Project("{FAE04EC0-301F-11D3-BF4B-00C04F79EFBC}") = "Abp.EntityFrameworkCore.EFPlus", "..\..\ABP\src\Abp.EntityFrameworkCore.EFPlus\Abp.EntityFrameworkCore.EFPlus.csproj", "{3F260239-61EC-9D40-5073-45DC1AABB3FE}"
EndProject
Project("{FAE04EC0-301F-11D3-BF4B-00C04F79EFBC}") = "Abp.FluentValidation", "..\..\ABP\src\Abp.FluentValidation\Abp.FluentValidation.csproj", "{F1C40485-F5F4-6023-1336-DFAF7F670017}"
EndProject
Project("{FAE04EC0-301F-11D3-BF4B-00C04F79EFBC}") = "Abp.HangFire", "..\..\ABP\src\Abp.HangFire\Abp.HangFire.csproj", "{06DCC6E7-D22C-EECF-C522-5AB02DD0EC20}"
EndProject
Project("{FAE04EC0-301F-11D3-BF4B-00C04F79EFBC}") = "Abp.HangFire.AspNetCore", "..\..\ABP\src\Abp.HangFire.AspNetCore\Abp.HangFire.AspNetCore.csproj", "{0AB922FF-5F42-5A01-3FF9-3F6D671B7398}"
EndProject
Project("{FAE04EC0-301F-11D3-BF4B-00C04F79EFBC}") = "Abp.MailKit", "..\..\ABP\src\Abp.MailKit\Abp.MailKit.csproj", "{7A506782-8216-4D41-8A7F-CF384562E2A0}"
EndProject
Project("{FAE04EC0-301F-11D3-BF4B-00C04F79EFBC}") = "Abp.MemoryDb", "..\..\ABP\src\Abp.MemoryDb\Abp.MemoryDb.csproj", "{A5C34A72-EFDC-B64C-9552-59CD9A679E14}"
EndProject
Project("{FAE04EC0-301F-11D3-BF4B-00C04F79EFBC}") = "Abp.NHibernate", "..\..\ABP\src\Abp.NHibernate\Abp.NHibernate.csproj", "{4A22904D-9034-5718-3D44-57F1976EF92D}"
EndProject
Project("{FAE04EC0-301F-11D3-BF4B-00C04F79EFBC}") = "Abp.Quartz", "..\..\ABP\src\Abp.Quartz\Abp.Quartz.csproj", "{A78EA6D6-B8EB-A966-DBE3-CED5563B3DD1}"
EndProject
Project("{FAE04EC0-301F-11D3-BF4B-00C04F79EFBC}") = "Abp.RedisCache", "..\..\ABP\src\Abp.RedisCache\Abp.RedisCache.csproj", "{1269B60E-AC0C-A817-03D3-DA837C2F407F}"
EndProject
Project("{FAE04EC0-301F-11D3-BF4B-00C04F79EFBC}") = "Abp.RedisCache.ProtoBuf", "..\..\ABP\src\Abp.RedisCache.ProtoBuf\Abp.RedisCache.ProtoBuf.csproj", "{E1123BF7-2370-7AA3-6CBE-C70D6E8C0952}"
EndProject
Project("{FAE04EC0-301F-11D3-BF4B-00C04F79EFBC}") = "Abp.TestBase", "..\..\ABP\src\Abp.TestBase\Abp.TestBase.csproj", "{D90AD98E-3EA1-8736-273F-4D3D735A16AE}"
EndProject
Project("{FAE04EC0-301F-11D3-BF4B-00C04F79EFBC}") = "Abp.Web.Common", "..\..\ABP\src\Abp.Web.Common\Abp.Web.Common.csproj", "{253422B6-0633-4449-8A95-7510E370E4F6}"
EndProject
Project("{FAE04EC0-301F-11D3-BF4B-00C04F79EFBC}") = "Abp.Zero.Common", "..\..\ABP\src\Abp.Zero.Common\Abp.Zero.Common.csproj", "{364805A8-076D-02EC-8F69-B150DE1419C2}"
EndProject
Project("{FAE04EC0-301F-11D3-BF4B-00C04F79EFBC}") = "Abp.ZeroCore", "..\..\ABP\src\Abp.ZeroCore\Abp.ZeroCore.csproj", "{CCB205C8-E0FC-DD79-9702-6DE9530AFBF3}"
EndProject
Project("{FAE04EC0-301F-11D3-BF4B-00C04F79EFBC}") = "Abp.ZeroCore.EntityFrameworkCore", "..\..\ABP\src\Abp.ZeroCore.EntityFrameworkCore\Abp.ZeroCore.EntityFrameworkCore.csproj", "{FC38E990-BF74-AE6B-D205-6AD2BC4D03A1}"
EndProject
Project("{FAE04EC0-301F-11D3-BF4B-00C04F79EFBC}") = "Abp.ZeroCore.IdentityServer4.vNext", "..\..\ABP\src\Abp.ZeroCore.IdentityServer4.vNext\Abp.ZeroCore.IdentityServer4.vNext.csproj", "{BA956C52-4215-AB27-233A-96F8963A0F9E}"
EndProject
Project("{FAE04EC0-301F-11D3-BF4B-00C04F79EFBC}") = "Abp.ZeroCore.IdentityServer4.vNext.EntityFrameworkCore", "..\..\ABP\src\Abp.ZeroCore.IdentityServer4.vNext.EntityFrameworkCore\Abp.ZeroCore.IdentityServer4.vNext.EntityFrameworkCore.csproj", "{0E1129BA-CA26-66F7-BAD6-7BC06F7366CA}"
EndProject
Project("{FAE04EC0-301F-11D3-BF4B-00C04F79EFBC}") = "Abp", "..\..\ABP\src\Abp\Abp.csproj", "{FC0E570F-1052-9392-7921-BF4CC234C650}"
EndProject
Project("{2150E333-8FDC-42A3-9474-1A3956D46DE8}") = "AbpTests", "AbpTests", "{D10331C3-A80D-4A11-8730-6609BBEE29E6}"
EndProject
Project("{FAE04EC0-301F-11D3-BF4B-00C04F79EFBC}") = "Abp.AspNetCore.Tests", "..\..\ABP\test\Abp.AspNetCore.Tests\Abp.AspNetCore.Tests.csproj", "{2831877B-6292-2196-F86F-E33C0E39D1D5}"
EndProject
Project("{FAE04EC0-301F-11D3-BF4B-00C04F79EFBC}") = "Abp.Castle.Log4Net.Tests", "..\..\ABP\test\Abp.Castle.Log4Net.Tests\Abp.Castle.Log4Net.Tests.csproj", "{3A4D3027-849C-ED8A-B91A-13477DE1CEC8}"
EndProject
Project("{FAE04EC0-301F-11D3-BF4B-00C04F79EFBC}") = "Abp.EntityFrameworkCore.EFPlus.Tests", "..\..\ABP\test\Abp.EntityFrameworkCore.EFPlus.Tests\Abp.EntityFrameworkCore.EFPlus.Tests.csproj", "{F379133C-C62D-E036-C3A1-DE30DEF23DC8}"
EndProject
Project("{FAE04EC0-301F-11D3-BF4B-00C04F79EFBC}") = "Abp.EntityFrameworkCore.Tests", "..\..\ABP\test\Abp.EntityFrameworkCore.Tests\Abp.EntityFrameworkCore.Tests.csproj", "{CF6DBA55-7216-2112-E549-A2FE4D45A7B7}"
EndProject
Project("{FAE04EC0-301F-11D3-BF4B-00C04F79EFBC}") = "Abp.MailKit.Tests", "..\..\ABP\test\Abp.MailKit.Tests\Abp.MailKit.Tests.csproj", "{5C93F7D9-9487-5231-674E-CF3721586590}"
EndProject
Project("{FAE04EC0-301F-11D3-BF4B-00C04F79EFBC}") = "Abp.MemoryDb.Tests", "..\..\ABP\test\Abp.MemoryDb.Tests\Abp.MemoryDb.Tests.csproj", "{EE45B08F-7BE7-6B6E-D04B-229119C06A4A}"
EndProject
Project("{FAE04EC0-301F-11D3-BF4B-00C04F79EFBC}") = "Abp.RedisCache.Tests", "..\..\ABP\test\Abp.RedisCache.Tests\Abp.RedisCache.Tests.csproj", "{05239C8B-EE72-BC4E-99D9-E19D650ADBA4}"
EndProject
Project("{FAE04EC0-301F-11D3-BF4B-00C04F79EFBC}") = "Abp.TestBase.Tests", "..\..\ABP\test\Abp.TestBase.Tests\Abp.TestBase.Tests.csproj", "{771725C2-21C1-86E8-0D9B-5B99D5209BB4}"
EndProject
Project("{FAE04EC0-301F-11D3-BF4B-00C04F79EFBC}") = "Abp.Tests", "..\..\ABP\test\Abp.Tests\Abp.Tests.csproj", "{FD18F4E4-5836-5283-9E73-3A901F3517A4}"
EndProject
Project("{FAE04EC0-301F-11D3-BF4B-00C04F79EFBC}") = "Abp.Web.Common.Tests", "..\..\ABP\test\Abp.Web.Common.Tests\Abp.Web.Common.Tests.csproj", "{8FE25D65-F8C7-C122-41BC-407240F75F0A}"
EndProject
Project("{FAE04EC0-301F-11D3-BF4B-00C04F79EFBC}") = "Abp.ZeroCore.IdentityServer4.Tests", "..\..\ABP\test\Abp.ZeroCore.IdentityServer4.Tests\Abp.ZeroCore.IdentityServer4.Tests.csproj", "{66CFDE6A-5F2D-1866-D1DB-551F59B0659F}"
EndProject
Project("{FAE04EC0-301F-11D3-BF4B-00C04F79EFBC}") = "Abp.ZeroCore.SampleApp", "..\..\ABP\test\Abp.ZeroCore.SampleApp\Abp.ZeroCore.SampleApp.csproj", "{71D7AC2B-296B-E247-D543-05D0F226E01C}"
EndProject
Project("{FAE04EC0-301F-11D3-BF4B-00C04F79EFBC}") = "Abp.ZeroCore.Tests", "..\..\ABP\test\Abp.ZeroCore.Tests\Abp.ZeroCore.Tests.csproj", "{BFC17851-87ED-5014-E645-7B5BFA24BC7C}"
EndProject
Project("{FAE04EC0-301F-11D3-BF4B-00C04F79EFBC}") = "AbpAspNetCoreDemo", "..\..\ABP\test\aspnet-core-demo\AbpAspNetCoreDemo\AbpAspNetCoreDemo.csproj", "{BBB29D9D-220C-AED2-3492-3BAA642A76A9}"
EndProject
Project("{FAE04EC0-301F-11D3-BF4B-00C04F79EFBC}") = "AbpAspNetCoreDemo.Core", "..\..\ABP\test\aspnet-core-demo\AbpAspNetCoreDemo.Core\AbpAspNetCoreDemo.Core.csproj", "{B97C388B-8404-8592-1FA7-41C386E8C8ED}"
EndProject
Project("{FAE04EC0-301F-11D3-BF4B-00C04F79EFBC}") = "AbpAspNetCoreDemo.PlugIn", "..\..\ABP\test\aspnet-core-demo\AbpAspNetCoreDemo.PlugIn\AbpAspNetCoreDemo.PlugIn.csproj", "{0F937CDF-D1BB-E11A-F5DB-B7D97A48D1EF}"
EndProject
Project("{FAE04EC0-301F-11D3-BF4B-00C04F79EFBC}") = "AbpAspNetCoreDemo.IntegrationTests", "..\..\ABP\test\aspnet-core-demo\AbpAspNetCoreDemo.Tests\AbpAspNetCoreDemo.IntegrationTests.csproj", "{5D53A4CB-F4C3-0E31-28EE-456C7980CC22}"
EndProject
Global
	GlobalSection(SolutionConfigurationPlatforms) = preSolution
		Debug|Any CPU = Debug|Any CPU
		Release|Any CPU = Release|Any CPU
	EndGlobalSection
	GlobalSection(ProjectConfigurationPlatforms) = postSolution
		{A2213374-BB48-48FD-BBD4-81E6A961D866}.Debug|Any CPU.ActiveCfg = Debug|Any CPU
		{A2213374-BB48-48FD-BBD4-81E6A961D866}.Debug|Any CPU.Build.0 = Debug|Any CPU
		{A2213374-BB48-48FD-BBD4-81E6A961D866}.Release|Any CPU.ActiveCfg = Release|Any CPU
		{A2213374-BB48-48FD-BBD4-81E6A961D866}.Release|Any CPU.Build.0 = Release|Any CPU
		{0FA75A5B-AB83-4FD0-B545-279774C01E87}.Debug|Any CPU.ActiveCfg = Debug|Any CPU
		{0FA75A5B-AB83-4FD0-B545-279774C01E87}.Debug|Any CPU.Build.0 = Debug|Any CPU
		{0FA75A5B-AB83-4FD0-B545-279774C01E87}.Release|Any CPU.ActiveCfg = Release|Any CPU
		{0FA75A5B-AB83-4FD0-B545-279774C01E87}.Release|Any CPU.Build.0 = Release|Any CPU
		{3870C648-4AEA-4B85-BA3F-F2F63B96136A}.Debug|Any CPU.ActiveCfg = Debug|Any CPU
		{3870C648-4AEA-4B85-BA3F-F2F63B96136A}.Debug|Any CPU.Build.0 = Debug|Any CPU
		{3870C648-4AEA-4B85-BA3F-F2F63B96136A}.Release|Any CPU.ActiveCfg = Release|Any CPU
		{3870C648-4AEA-4B85-BA3F-F2F63B96136A}.Release|Any CPU.Build.0 = Release|Any CPU
		{0D4C5D00-C144-4213-A007-4B8944113AB1}.Debug|Any CPU.ActiveCfg = Debug|Any CPU
		{0D4C5D00-C144-4213-A007-4B8944113AB1}.Debug|Any CPU.Build.0 = Debug|Any CPU
		{0D4C5D00-C144-4213-A007-4B8944113AB1}.Release|Any CPU.ActiveCfg = Release|Any CPU
		{0D4C5D00-C144-4213-A007-4B8944113AB1}.Release|Any CPU.Build.0 = Release|Any CPU
		{7CAD3713-812A-4DE1-BDE3-59225B1E430A}.Debug|Any CPU.ActiveCfg = Debug|Any CPU
		{7CAD3713-812A-4DE1-BDE3-59225B1E430A}.Debug|Any CPU.Build.0 = Debug|Any CPU
		{7CAD3713-812A-4DE1-BDE3-59225B1E430A}.Release|Any CPU.ActiveCfg = Release|Any CPU
		{7CAD3713-812A-4DE1-BDE3-59225B1E430A}.Release|Any CPU.Build.0 = Release|Any CPU
		{0F0E141D-2626-4114-9805-3AFD8275A6B0}.Debug|Any CPU.ActiveCfg = Debug|Any CPU
		{0F0E141D-2626-4114-9805-3AFD8275A6B0}.Debug|Any CPU.Build.0 = Debug|Any CPU
		{0F0E141D-2626-4114-9805-3AFD8275A6B0}.Release|Any CPU.ActiveCfg = Release|Any CPU
		{0F0E141D-2626-4114-9805-3AFD8275A6B0}.Release|Any CPU.Build.0 = Release|Any CPU
		{A229F7D5-EE83-462E-8642-E9A2D5EA90FE}.Debug|Any CPU.ActiveCfg = Debug|Any CPU
		{A229F7D5-EE83-462E-8642-E9A2D5EA90FE}.Debug|Any CPU.Build.0 = Debug|Any CPU
		{A229F7D5-EE83-462E-8642-E9A2D5EA90FE}.Release|Any CPU.ActiveCfg = Release|Any CPU
		{A229F7D5-EE83-462E-8642-E9A2D5EA90FE}.Release|Any CPU.Build.0 = Release|Any CPU
		{6143A90B-6C2A-4683-8A3A-4D48702770EA}.Debug|Any CPU.ActiveCfg = Debug|Any CPU
		{6143A90B-6C2A-4683-8A3A-4D48702770EA}.Debug|Any CPU.Build.0 = Debug|Any CPU
		{6143A90B-6C2A-4683-8A3A-4D48702770EA}.Release|Any CPU.ActiveCfg = Release|Any CPU
		{6143A90B-6C2A-4683-8A3A-4D48702770EA}.Release|Any CPU.Build.0 = Release|Any CPU
		{4D6603C1-F7D6-4681-97F8-69B4BBBC0536}.Debug|Any CPU.ActiveCfg = Debug|Any CPU
		{4D6603C1-F7D6-4681-97F8-69B4BBBC0536}.Debug|Any CPU.Build.0 = Debug|Any CPU
		{4D6603C1-F7D6-4681-97F8-69B4BBBC0536}.Release|Any CPU.ActiveCfg = Release|Any CPU
		{4D6603C1-F7D6-4681-97F8-69B4BBBC0536}.Release|Any CPU.Build.0 = Release|Any CPU
		{BE6952DD-3E9B-414C-9C78-29E0CD52B385}.Debug|Any CPU.ActiveCfg = Debug|Any CPU
		{BE6952DD-3E9B-414C-9C78-29E0CD52B385}.Debug|Any CPU.Build.0 = Debug|Any CPU
		{BE6952DD-3E9B-414C-9C78-29E0CD52B385}.Release|Any CPU.ActiveCfg = Release|Any CPU
		{BE6952DD-3E9B-414C-9C78-29E0CD52B385}.Release|Any CPU.Build.0 = Release|Any CPU
		{B17B6929-13C8-40BD-A464-A9FBB93A32BC}.Debug|Any CPU.ActiveCfg = Debug|Any CPU
		{B17B6929-13C8-40BD-A464-A9FBB93A32BC}.Debug|Any CPU.Build.0 = Debug|Any CPU
		{B17B6929-13C8-40BD-A464-A9FBB93A32BC}.Release|Any CPU.ActiveCfg = Release|Any CPU
		{B17B6929-13C8-40BD-A464-A9FBB93A32BC}.Release|Any CPU.Build.0 = Release|Any CPU
		{E2CFC4E8-E919-4366-93B3-CA14DE30A8D9}.Debug|Any CPU.ActiveCfg = Debug|Any CPU
		{E2CFC4E8-E919-4366-93B3-CA14DE30A8D9}.Debug|Any CPU.Build.0 = Debug|Any CPU
		{E2CFC4E8-E919-4366-93B3-CA14DE30A8D9}.Release|Any CPU.ActiveCfg = Release|Any CPU
		{E2CFC4E8-E919-4366-93B3-CA14DE30A8D9}.Release|Any CPU.Build.0 = Release|Any CPU
		{179F7188-84D9-4668-88B0-503216287F1F}.Debug|Any CPU.ActiveCfg = Debug|Any CPU
		{179F7188-84D9-4668-88B0-503216287F1F}.Debug|Any CPU.Build.0 = Debug|Any CPU
		{179F7188-84D9-4668-88B0-503216287F1F}.Release|Any CPU.ActiveCfg = Release|Any CPU
		{179F7188-84D9-4668-88B0-503216287F1F}.Release|Any CPU.Build.0 = Release|Any CPU
		{C5C42C50-50AD-31AD-A29C-CB7C9EE97988}.Debug|Any CPU.ActiveCfg = Debug|Any CPU
		{C5C42C50-50AD-31AD-A29C-CB7C9EE97988}.Debug|Any CPU.Build.0 = Debug|Any CPU
		{C5C42C50-50AD-31AD-A29C-CB7C9EE97988}.Release|Any CPU.ActiveCfg = Release|Any CPU
		{C5C42C50-50AD-31AD-A29C-CB7C9EE97988}.Release|Any CPU.Build.0 = Release|Any CPU
		{620CFB95-C44A-D6AC-E838-5BDD51C56441}.Debug|Any CPU.ActiveCfg = Debug|Any CPU
		{620CFB95-C44A-D6AC-E838-5BDD51C56441}.Debug|Any CPU.Build.0 = Debug|Any CPU
		{620CFB95-C44A-D6AC-E838-5BDD51C56441}.Release|Any CPU.ActiveCfg = Release|Any CPU
		{620CFB95-C44A-D6AC-E838-5BDD51C56441}.Release|Any CPU.Build.0 = Release|Any CPU
		{008998C1-5F71-CE89-1E34-4E539FFD79EC}.Debug|Any CPU.ActiveCfg = Debug|Any CPU
		{008998C1-5F71-CE89-1E34-4E539FFD79EC}.Debug|Any CPU.Build.0 = Debug|Any CPU
		{008998C1-5F71-CE89-1E34-4E539FFD79EC}.Release|Any CPU.ActiveCfg = Release|Any CPU
		{008998C1-5F71-CE89-1E34-4E539FFD79EC}.Release|Any CPU.Build.0 = Release|Any CPU
		{1E39AEB3-E69D-DEDA-16A6-5EA9DAB71068}.Debug|Any CPU.ActiveCfg = Debug|Any CPU
		{1E39AEB3-E69D-DEDA-16A6-5EA9DAB71068}.Debug|Any CPU.Build.0 = Debug|Any CPU
		{1E39AEB3-E69D-DEDA-16A6-5EA9DAB71068}.Release|Any CPU.ActiveCfg = Release|Any CPU
		{1E39AEB3-E69D-DEDA-16A6-5EA9DAB71068}.Release|Any CPU.Build.0 = Release|Any CPU
		{AABCEF0C-2B80-626B-5B6D-AAD6A7379EE6}.Debug|Any CPU.ActiveCfg = Debug|Any CPU
		{AABCEF0C-2B80-626B-5B6D-AAD6A7379EE6}.Debug|Any CPU.Build.0 = Debug|Any CPU
		{AABCEF0C-2B80-626B-5B6D-AAD6A7379EE6}.Release|Any CPU.ActiveCfg = Release|Any CPU
		{AABCEF0C-2B80-626B-5B6D-AAD6A7379EE6}.Release|Any CPU.Build.0 = Release|Any CPU
		{02E789E2-449A-C7B6-41A5-2337464EFB19}.Debug|Any CPU.ActiveCfg = Debug|Any CPU
		{02E789E2-449A-C7B6-41A5-2337464EFB19}.Debug|Any CPU.Build.0 = Debug|Any CPU
		{02E789E2-449A-C7B6-41A5-2337464EFB19}.Release|Any CPU.ActiveCfg = Release|Any CPU
		{02E789E2-449A-C7B6-41A5-2337464EFB19}.Release|Any CPU.Build.0 = Release|Any CPU
		{BEE46903-E860-FD10-F7EC-CE65DC3817F9}.Debug|Any CPU.ActiveCfg = Debug|Any CPU
		{BEE46903-E860-FD10-F7EC-CE65DC3817F9}.Debug|Any CPU.Build.0 = Debug|Any CPU
		{BEE46903-E860-FD10-F7EC-CE65DC3817F9}.Release|Any CPU.ActiveCfg = Release|Any CPU
		{BEE46903-E860-FD10-F7EC-CE65DC3817F9}.Release|Any CPU.Build.0 = Release|Any CPU
		{2C340DDC-1CD8-A94A-FBC2-E59502FFAA37}.Debug|Any CPU.ActiveCfg = Debug|Any CPU
		{2C340DDC-1CD8-A94A-FBC2-E59502FFAA37}.Debug|Any CPU.Build.0 = Debug|Any CPU
		{2C340DDC-1CD8-A94A-FBC2-E59502FFAA37}.Release|Any CPU.ActiveCfg = Release|Any CPU
		{2C340DDC-1CD8-A94A-FBC2-E59502FFAA37}.Release|Any CPU.Build.0 = Release|Any CPU
		{3F260239-61EC-9D40-5073-45DC1AABB3FE}.Debug|Any CPU.ActiveCfg = Debug|Any CPU
		{3F260239-61EC-9D40-5073-45DC1AABB3FE}.Debug|Any CPU.Build.0 = Debug|Any CPU
		{3F260239-61EC-9D40-5073-45DC1AABB3FE}.Release|Any CPU.ActiveCfg = Release|Any CPU
		{3F260239-61EC-9D40-5073-45DC1AABB3FE}.Release|Any CPU.Build.0 = Release|Any CPU
		{F1C40485-F5F4-6023-1336-DFAF7F670017}.Debug|Any CPU.ActiveCfg = Debug|Any CPU
		{F1C40485-F5F4-6023-1336-DFAF7F670017}.Debug|Any CPU.Build.0 = Debug|Any CPU
		{F1C40485-F5F4-6023-1336-DFAF7F670017}.Release|Any CPU.ActiveCfg = Release|Any CPU
		{F1C40485-F5F4-6023-1336-DFAF7F670017}.Release|Any CPU.Build.0 = Release|Any CPU
		{06DCC6E7-D22C-EECF-C522-5AB02DD0EC20}.Debug|Any CPU.ActiveCfg = Debug|Any CPU
		{06DCC6E7-D22C-EECF-C522-5AB02DD0EC20}.Debug|Any CPU.Build.0 = Debug|Any CPU
		{06DCC6E7-D22C-EECF-C522-5AB02DD0EC20}.Release|Any CPU.ActiveCfg = Release|Any CPU
		{06DCC6E7-D22C-EECF-C522-5AB02DD0EC20}.Release|Any CPU.Build.0 = Release|Any CPU
		{0AB922FF-5F42-5A01-3FF9-3F6D671B7398}.Debug|Any CPU.ActiveCfg = Debug|Any CPU
		{0AB922FF-5F42-5A01-3FF9-3F6D671B7398}.Debug|Any CPU.Build.0 = Debug|Any CPU
		{0AB922FF-5F42-5A01-3FF9-3F6D671B7398}.Release|Any CPU.ActiveCfg = Release|Any CPU
		{0AB922FF-5F42-5A01-3FF9-3F6D671B7398}.Release|Any CPU.Build.0 = Release|Any CPU
		{7A506782-8216-4D41-8A7F-CF384562E2A0}.Debug|Any CPU.ActiveCfg = Debug|Any CPU
		{7A506782-8216-4D41-8A7F-CF384562E2A0}.Debug|Any CPU.Build.0 = Debug|Any CPU
		{7A506782-8216-4D41-8A7F-CF384562E2A0}.Release|Any CPU.ActiveCfg = Release|Any CPU
		{7A506782-8216-4D41-8A7F-CF384562E2A0}.Release|Any CPU.Build.0 = Release|Any CPU
		{A5C34A72-EFDC-B64C-9552-59CD9A679E14}.Debug|Any CPU.ActiveCfg = Debug|Any CPU
		{A5C34A72-EFDC-B64C-9552-59CD9A679E14}.Debug|Any CPU.Build.0 = Debug|Any CPU
		{A5C34A72-EFDC-B64C-9552-59CD9A679E14}.Release|Any CPU.ActiveCfg = Release|Any CPU
		{A5C34A72-EFDC-B64C-9552-59CD9A679E14}.Release|Any CPU.Build.0 = Release|Any CPU
		{4A22904D-9034-5718-3D44-57F1976EF92D}.Debug|Any CPU.ActiveCfg = Debug|Any CPU
		{4A22904D-9034-5718-3D44-57F1976EF92D}.Debug|Any CPU.Build.0 = Debug|Any CPU
		{4A22904D-9034-5718-3D44-57F1976EF92D}.Release|Any CPU.ActiveCfg = Release|Any CPU
		{4A22904D-9034-5718-3D44-57F1976EF92D}.Release|Any CPU.Build.0 = Release|Any CPU
		{A78EA6D6-B8EB-A966-DBE3-CED5563B3DD1}.Debug|Any CPU.ActiveCfg = Debug|Any CPU
		{A78EA6D6-B8EB-A966-DBE3-CED5563B3DD1}.Debug|Any CPU.Build.0 = Debug|Any CPU
		{A78EA6D6-B8EB-A966-DBE3-CED5563B3DD1}.Release|Any CPU.ActiveCfg = Release|Any CPU
		{A78EA6D6-B8EB-A966-DBE3-CED5563B3DD1}.Release|Any CPU.Build.0 = Release|Any CPU
		{1269B60E-AC0C-A817-03D3-DA837C2F407F}.Debug|Any CPU.ActiveCfg = Debug|Any CPU
		{1269B60E-AC0C-A817-03D3-DA837C2F407F}.Debug|Any CPU.Build.0 = Debug|Any CPU
		{1269B60E-AC0C-A817-03D3-DA837C2F407F}.Release|Any CPU.ActiveCfg = Release|Any CPU
		{1269B60E-AC0C-A817-03D3-DA837C2F407F}.Release|Any CPU.Build.0 = Release|Any CPU
		{E1123BF7-2370-7AA3-6CBE-C70D6E8C0952}.Debug|Any CPU.ActiveCfg = Debug|Any CPU
		{E1123BF7-2370-7AA3-6CBE-C70D6E8C0952}.Debug|Any CPU.Build.0 = Debug|Any CPU
		{E1123BF7-2370-7AA3-6CBE-C70D6E8C0952}.Release|Any CPU.ActiveCfg = Release|Any CPU
		{E1123BF7-2370-7AA3-6CBE-C70D6E8C0952}.Release|Any CPU.Build.0 = Release|Any CPU
		{D90AD98E-3EA1-8736-273F-4D3D735A16AE}.Debug|Any CPU.ActiveCfg = Debug|Any CPU
		{D90AD98E-3EA1-8736-273F-4D3D735A16AE}.Debug|Any CPU.Build.0 = Debug|Any CPU
		{D90AD98E-3EA1-8736-273F-4D3D735A16AE}.Release|Any CPU.ActiveCfg = Release|Any CPU
		{D90AD98E-3EA1-8736-273F-4D3D735A16AE}.Release|Any CPU.Build.0 = Release|Any CPU
		{253422B6-0633-4449-8A95-7510E370E4F6}.Debug|Any CPU.ActiveCfg = Debug|Any CPU
		{253422B6-0633-4449-8A95-7510E370E4F6}.Debug|Any CPU.Build.0 = Debug|Any CPU
		{253422B6-0633-4449-8A95-7510E370E4F6}.Release|Any CPU.ActiveCfg = Release|Any CPU
		{253422B6-0633-4449-8A95-7510E370E4F6}.Release|Any CPU.Build.0 = Release|Any CPU
		{364805A8-076D-02EC-8F69-B150DE1419C2}.Debug|Any CPU.ActiveCfg = Debug|Any CPU
		{364805A8-076D-02EC-8F69-B150DE1419C2}.Debug|Any CPU.Build.0 = Debug|Any CPU
		{364805A8-076D-02EC-8F69-B150DE1419C2}.Release|Any CPU.ActiveCfg = Release|Any CPU
		{364805A8-076D-02EC-8F69-B150DE1419C2}.Release|Any CPU.Build.0 = Release|Any CPU
		{CCB205C8-E0FC-DD79-9702-6DE9530AFBF3}.Debug|Any CPU.ActiveCfg = Debug|Any CPU
		{CCB205C8-E0FC-DD79-9702-6DE9530AFBF3}.Debug|Any CPU.Build.0 = Debug|Any CPU
		{CCB205C8-E0FC-DD79-9702-6DE9530AFBF3}.Release|Any CPU.ActiveCfg = Release|Any CPU
		{CCB205C8-E0FC-DD79-9702-6DE9530AFBF3}.Release|Any CPU.Build.0 = Release|Any CPU
		{FC38E990-BF74-AE6B-D205-6AD2BC4D03A1}.Debug|Any CPU.ActiveCfg = Debug|Any CPU
		{FC38E990-BF74-AE6B-D205-6AD2BC4D03A1}.Debug|Any CPU.Build.0 = Debug|Any CPU
		{FC38E990-BF74-AE6B-D205-6AD2BC4D03A1}.Release|Any CPU.ActiveCfg = Release|Any CPU
		{FC38E990-BF74-AE6B-D205-6AD2BC4D03A1}.Release|Any CPU.Build.0 = Release|Any CPU
		{BA956C52-4215-AB27-233A-96F8963A0F9E}.Debug|Any CPU.ActiveCfg = Debug|Any CPU
		{BA956C52-4215-AB27-233A-96F8963A0F9E}.Debug|Any CPU.Build.0 = Debug|Any CPU
		{BA956C52-4215-AB27-233A-96F8963A0F9E}.Release|Any CPU.ActiveCfg = Release|Any CPU
		{BA956C52-4215-AB27-233A-96F8963A0F9E}.Release|Any CPU.Build.0 = Release|Any CPU
		{0E1129BA-CA26-66F7-BAD6-7BC06F7366CA}.Debug|Any CPU.ActiveCfg = Debug|Any CPU
		{0E1129BA-CA26-66F7-BAD6-7BC06F7366CA}.Debug|Any CPU.Build.0 = Debug|Any CPU
		{0E1129BA-CA26-66F7-BAD6-7BC06F7366CA}.Release|Any CPU.ActiveCfg = Release|Any CPU
		{0E1129BA-CA26-66F7-BAD6-7BC06F7366CA}.Release|Any CPU.Build.0 = Release|Any CPU
		{FC0E570F-1052-9392-7921-BF4CC234C650}.Debug|Any CPU.ActiveCfg = Debug|Any CPU
		{FC0E570F-1052-9392-7921-BF4CC234C650}.Debug|Any CPU.Build.0 = Debug|Any CPU
		{FC0E570F-1052-9392-7921-BF4CC234C650}.Release|Any CPU.ActiveCfg = Release|Any CPU
		{FC0E570F-1052-9392-7921-BF4CC234C650}.Release|Any CPU.Build.0 = Release|Any CPU
		{2831877B-6292-2196-F86F-E33C0E39D1D5}.Debug|Any CPU.ActiveCfg = Debug|Any CPU
		{2831877B-6292-2196-F86F-E33C0E39D1D5}.Debug|Any CPU.Build.0 = Debug|Any CPU
		{2831877B-6292-2196-F86F-E33C0E39D1D5}.Release|Any CPU.ActiveCfg = Release|Any CPU
		{2831877B-6292-2196-F86F-E33C0E39D1D5}.Release|Any CPU.Build.0 = Release|Any CPU
		{3A4D3027-849C-ED8A-B91A-13477DE1CEC8}.Debug|Any CPU.ActiveCfg = Debug|Any CPU
		{3A4D3027-849C-ED8A-B91A-13477DE1CEC8}.Debug|Any CPU.Build.0 = Debug|Any CPU
		{3A4D3027-849C-ED8A-B91A-13477DE1CEC8}.Release|Any CPU.ActiveCfg = Release|Any CPU
		{3A4D3027-849C-ED8A-B91A-13477DE1CEC8}.Release|Any CPU.Build.0 = Release|Any CPU
		{F379133C-C62D-E036-C3A1-DE30DEF23DC8}.Debug|Any CPU.ActiveCfg = Debug|Any CPU
		{F379133C-C62D-E036-C3A1-DE30DEF23DC8}.Debug|Any CPU.Build.0 = Debug|Any CPU
		{F379133C-C62D-E036-C3A1-DE30DEF23DC8}.Release|Any CPU.ActiveCfg = Release|Any CPU
		{F379133C-C62D-E036-C3A1-DE30DEF23DC8}.Release|Any CPU.Build.0 = Release|Any CPU
		{CF6DBA55-7216-2112-E549-A2FE4D45A7B7}.Debug|Any CPU.ActiveCfg = Debug|Any CPU
		{CF6DBA55-7216-2112-E549-A2FE4D45A7B7}.Debug|Any CPU.Build.0 = Debug|Any CPU
		{CF6DBA55-7216-2112-E549-A2FE4D45A7B7}.Release|Any CPU.ActiveCfg = Release|Any CPU
		{CF6DBA55-7216-2112-E549-A2FE4D45A7B7}.Release|Any CPU.Build.0 = Release|Any CPU
		{5C93F7D9-9487-5231-674E-CF3721586590}.Debug|Any CPU.ActiveCfg = Debug|Any CPU
		{5C93F7D9-9487-5231-674E-CF3721586590}.Debug|Any CPU.Build.0 = Debug|Any CPU
		{5C93F7D9-9487-5231-674E-CF3721586590}.Release|Any CPU.ActiveCfg = Release|Any CPU
		{5C93F7D9-9487-5231-674E-CF3721586590}.Release|Any CPU.Build.0 = Release|Any CPU
		{EE45B08F-7BE7-6B6E-D04B-229119C06A4A}.Debug|Any CPU.ActiveCfg = Debug|Any CPU
		{EE45B08F-7BE7-6B6E-D04B-229119C06A4A}.Debug|Any CPU.Build.0 = Debug|Any CPU
		{EE45B08F-7BE7-6B6E-D04B-229119C06A4A}.Release|Any CPU.ActiveCfg = Release|Any CPU
		{EE45B08F-7BE7-6B6E-D04B-229119C06A4A}.Release|Any CPU.Build.0 = Release|Any CPU
		{05239C8B-EE72-BC4E-99D9-E19D650ADBA4}.Debug|Any CPU.ActiveCfg = Debug|Any CPU
		{05239C8B-EE72-BC4E-99D9-E19D650ADBA4}.Debug|Any CPU.Build.0 = Debug|Any CPU
		{05239C8B-EE72-BC4E-99D9-E19D650ADBA4}.Release|Any CPU.ActiveCfg = Release|Any CPU
		{05239C8B-EE72-BC4E-99D9-E19D650ADBA4}.Release|Any CPU.Build.0 = Release|Any CPU
		{771725C2-21C1-86E8-0D9B-5B99D5209BB4}.Debug|Any CPU.ActiveCfg = Debug|Any CPU
		{771725C2-21C1-86E8-0D9B-5B99D5209BB4}.Debug|Any CPU.Build.0 = Debug|Any CPU
		{771725C2-21C1-86E8-0D9B-5B99D5209BB4}.Release|Any CPU.ActiveCfg = Release|Any CPU
		{771725C2-21C1-86E8-0D9B-5B99D5209BB4}.Release|Any CPU.Build.0 = Release|Any CPU
		{FD18F4E4-5836-5283-9E73-3A901F3517A4}.Debug|Any CPU.ActiveCfg = Debug|Any CPU
		{FD18F4E4-5836-5283-9E73-3A901F3517A4}.Debug|Any CPU.Build.0 = Debug|Any CPU
		{FD18F4E4-5836-5283-9E73-3A901F3517A4}.Release|Any CPU.ActiveCfg = Release|Any CPU
		{FD18F4E4-5836-5283-9E73-3A901F3517A4}.Release|Any CPU.Build.0 = Release|Any CPU
		{8FE25D65-F8C7-C122-41BC-407240F75F0A}.Debug|Any CPU.ActiveCfg = Debug|Any CPU
		{8FE25D65-F8C7-C122-41BC-407240F75F0A}.Debug|Any CPU.Build.0 = Debug|Any CPU
		{8FE25D65-F8C7-C122-41BC-407240F75F0A}.Release|Any CPU.ActiveCfg = Release|Any CPU
		{8FE25D65-F8C7-C122-41BC-407240F75F0A}.Release|Any CPU.Build.0 = Release|Any CPU
		{66CFDE6A-5F2D-1866-D1DB-551F59B0659F}.Debug|Any CPU.ActiveCfg = Debug|Any CPU
		{66CFDE6A-5F2D-1866-D1DB-551F59B0659F}.Debug|Any CPU.Build.0 = Debug|Any CPU
		{66CFDE6A-5F2D-1866-D1DB-551F59B0659F}.Release|Any CPU.ActiveCfg = Release|Any CPU
		{66CFDE6A-5F2D-1866-D1DB-551F59B0659F}.Release|Any CPU.Build.0 = Release|Any CPU
		{71D7AC2B-296B-E247-D543-05D0F226E01C}.Debug|Any CPU.ActiveCfg = Debug|Any CPU
		{71D7AC2B-296B-E247-D543-05D0F226E01C}.Debug|Any CPU.Build.0 = Debug|Any CPU
		{71D7AC2B-296B-E247-D543-05D0F226E01C}.Release|Any CPU.ActiveCfg = Release|Any CPU
		{71D7AC2B-296B-E247-D543-05D0F226E01C}.Release|Any CPU.Build.0 = Release|Any CPU
		{BFC17851-87ED-5014-E645-7B5BFA24BC7C}.Debug|Any CPU.ActiveCfg = Debug|Any CPU
		{BFC17851-87ED-5014-E645-7B5BFA24BC7C}.Debug|Any CPU.Build.0 = Debug|Any CPU
		{BFC17851-87ED-5014-E645-7B5BFA24BC7C}.Release|Any CPU.ActiveCfg = Release|Any CPU
		{BFC17851-87ED-5014-E645-7B5BFA24BC7C}.Release|Any CPU.Build.0 = Release|Any CPU
		{BBB29D9D-220C-AED2-3492-3BAA642A76A9}.Debug|Any CPU.ActiveCfg = Debug|Any CPU
		{BBB29D9D-220C-AED2-3492-3BAA642A76A9}.Debug|Any CPU.Build.0 = Debug|Any CPU
		{BBB29D9D-220C-AED2-3492-3BAA642A76A9}.Release|Any CPU.ActiveCfg = Release|Any CPU
		{BBB29D9D-220C-AED2-3492-3BAA642A76A9}.Release|Any CPU.Build.0 = Release|Any CPU
		{B97C388B-8404-8592-1FA7-41C386E8C8ED}.Debug|Any CPU.ActiveCfg = Debug|Any CPU
		{B97C388B-8404-8592-1FA7-41C386E8C8ED}.Debug|Any CPU.Build.0 = Debug|Any CPU
		{B97C388B-8404-8592-1FA7-41C386E8C8ED}.Release|Any CPU.ActiveCfg = Release|Any CPU
		{B97C388B-8404-8592-1FA7-41C386E8C8ED}.Release|Any CPU.Build.0 = Release|Any CPU
		{0F937CDF-D1BB-E11A-F5DB-B7D97A48D1EF}.Debug|Any CPU.ActiveCfg = Debug|Any CPU
		{0F937CDF-D1BB-E11A-F5DB-B7D97A48D1EF}.Debug|Any CPU.Build.0 = Debug|Any CPU
		{0F937CDF-D1BB-E11A-F5DB-B7D97A48D1EF}.Release|Any CPU.ActiveCfg = Release|Any CPU
		{0F937CDF-D1BB-E11A-F5DB-B7D97A48D1EF}.Release|Any CPU.Build.0 = Release|Any CPU
		{5D53A4CB-F4C3-0E31-28EE-456C7980CC22}.Debug|Any CPU.ActiveCfg = Debug|Any CPU
		{5D53A4CB-F4C3-0E31-28EE-456C7980CC22}.Debug|Any CPU.Build.0 = Debug|Any CPU
		{5D53A4CB-F4C3-0E31-28EE-456C7980CC22}.Release|Any CPU.ActiveCfg = Release|Any CPU
		{5D53A4CB-F4C3-0E31-28EE-456C7980CC22}.Release|Any CPU.Build.0 = Release|Any CPU
	EndGlobalSection
	GlobalSection(SolutionProperties) = preSolution
		HideSolutionNode = FALSE
	EndGlobalSection
	GlobalSection(NestedProjects) = preSolution
		{A2213374-BB48-48FD-BBD4-81E6A961D866} = {AFAA0841-BD93-466F-B8F4-FB4EEC86F1FC}
		{0FA75A5B-AB83-4FD0-B545-279774C01E87} = {AFAA0841-BD93-466F-B8F4-FB4EEC86F1FC}
		{3870C648-4AEA-4B85-BA3F-F2F63B96136A} = {AFAA0841-BD93-466F-B8F4-FB4EEC86F1FC}
		{0D4C5D00-C144-4213-A007-4B8944113AB1} = {F10AA149-2626-486E-85BB-9CD5365F3016}
		{7CAD3713-812A-4DE1-BDE3-59225B1E430A} = {AFAA0841-BD93-466F-B8F4-FB4EEC86F1FC}
		{0F0E141D-2626-4114-9805-3AFD8275A6B0} = {AFAA0841-BD93-466F-B8F4-FB4EEC86F1FC}
		{A229F7D5-EE83-462E-8642-E9A2D5EA90FE} = {AFAA0841-BD93-466F-B8F4-FB4EEC86F1FC}
		{6143A90B-6C2A-4683-8A3A-4D48702770EA} = {AFAA0841-BD93-466F-B8F4-FB4EEC86F1FC}
		{4D6603C1-F7D6-4681-97F8-69B4BBBC0536} = {AFAA0841-BD93-466F-B8F4-FB4EEC86F1FC}
		{BE6952DD-3E9B-414C-9C78-29E0CD52B385} = {F10AA149-2626-486E-85BB-9CD5365F3016}
		{B17B6929-13C8-40BD-A464-A9FBB93A32BC} = {F10AA149-2626-486E-85BB-9CD5365F3016}
		{E2CFC4E8-E919-4366-93B3-CA14DE30A8D9} = {AFAA0841-BD93-466F-B8F4-FB4EEC86F1FC}
		{179F7188-84D9-4668-88B0-503216287F1F} = {AFAA0841-BD93-466F-B8F4-FB4EEC86F1FC}
		{C5C42C50-50AD-31AD-A29C-CB7C9EE97988} = {02EA681E-C7D8-13C7-8484-4AC65E1B71E8}
		{620CFB95-C44A-D6AC-E838-5BDD51C56441} = {02EA681E-C7D8-13C7-8484-4AC65E1B71E8}
		{008998C1-5F71-CE89-1E34-4E539FFD79EC} = {02EA681E-C7D8-13C7-8484-4AC65E1B71E8}
		{1E39AEB3-E69D-DEDA-16A6-5EA9DAB71068} = {02EA681E-C7D8-13C7-8484-4AC65E1B71E8}
		{AABCEF0C-2B80-626B-5B6D-AAD6A7379EE6} = {02EA681E-C7D8-13C7-8484-4AC65E1B71E8}
		{02E789E2-449A-C7B6-41A5-2337464EFB19} = {02EA681E-C7D8-13C7-8484-4AC65E1B71E8}
		{BEE46903-E860-FD10-F7EC-CE65DC3817F9} = {02EA681E-C7D8-13C7-8484-4AC65E1B71E8}
		{2C340DDC-1CD8-A94A-FBC2-E59502FFAA37} = {02EA681E-C7D8-13C7-8484-4AC65E1B71E8}
		{3F260239-61EC-9D40-5073-45DC1AABB3FE} = {02EA681E-C7D8-13C7-8484-4AC65E1B71E8}
		{F1C40485-F5F4-6023-1336-DFAF7F670017} = {02EA681E-C7D8-13C7-8484-4AC65E1B71E8}
		{06DCC6E7-D22C-EECF-C522-5AB02DD0EC20} = {02EA681E-C7D8-13C7-8484-4AC65E1B71E8}
		{0AB922FF-5F42-5A01-3FF9-3F6D671B7398} = {02EA681E-C7D8-13C7-8484-4AC65E1B71E8}
		{7A506782-8216-4D41-8A7F-CF384562E2A0} = {02EA681E-C7D8-13C7-8484-4AC65E1B71E8}
		{A5C34A72-EFDC-B64C-9552-59CD9A679E14} = {02EA681E-C7D8-13C7-8484-4AC65E1B71E8}
		{4A22904D-9034-5718-3D44-57F1976EF92D} = {02EA681E-C7D8-13C7-8484-4AC65E1B71E8}
		{A78EA6D6-B8EB-A966-DBE3-CED5563B3DD1} = {02EA681E-C7D8-13C7-8484-4AC65E1B71E8}
		{1269B60E-AC0C-A817-03D3-DA837C2F407F} = {02EA681E-C7D8-13C7-8484-4AC65E1B71E8}
		{E1123BF7-2370-7AA3-6CBE-C70D6E8C0952} = {02EA681E-C7D8-13C7-8484-4AC65E1B71E8}
		{D90AD98E-3EA1-8736-273F-4D3D735A16AE} = {02EA681E-C7D8-13C7-8484-4AC65E1B71E8}
		{253422B6-0633-4449-8A95-7510E370E4F6} = {02EA681E-C7D8-13C7-8484-4AC65E1B71E8}
		{364805A8-076D-02EC-8F69-B150DE1419C2} = {02EA681E-C7D8-13C7-8484-4AC65E1B71E8}
		{CCB205C8-E0FC-DD79-9702-6DE9530AFBF3} = {02EA681E-C7D8-13C7-8484-4AC65E1B71E8}
		{FC38E990-BF74-AE6B-D205-6AD2BC4D03A1} = {02EA681E-C7D8-13C7-8484-4AC65E1B71E8}
		{BA956C52-4215-AB27-233A-96F8963A0F9E} = {02EA681E-C7D8-13C7-8484-4AC65E1B71E8}
		{0E1129BA-CA26-66F7-BAD6-7BC06F7366CA} = {02EA681E-C7D8-13C7-8484-4AC65E1B71E8}
		{FC0E570F-1052-9392-7921-BF4CC234C650} = {02EA681E-C7D8-13C7-8484-4AC65E1B71E8}
		{2831877B-6292-2196-F86F-E33C0E39D1D5} = {D10331C3-A80D-4A11-8730-6609BBEE29E6}
		{3A4D3027-849C-ED8A-B91A-13477DE1CEC8} = {D10331C3-A80D-4A11-8730-6609BBEE29E6}
		{F379133C-C62D-E036-C3A1-DE30DEF23DC8} = {D10331C3-A80D-4A11-8730-6609BBEE29E6}
		{CF6DBA55-7216-2112-E549-A2FE4D45A7B7} = {D10331C3-A80D-4A11-8730-6609BBEE29E6}
		{5C93F7D9-9487-5231-674E-CF3721586590} = {D10331C3-A80D-4A11-8730-6609BBEE29E6}
		{EE45B08F-7BE7-6B6E-D04B-229119C06A4A} = {D10331C3-A80D-4A11-8730-6609BBEE29E6}
		{05239C8B-EE72-BC4E-99D9-E19D650ADBA4} = {D10331C3-A80D-4A11-8730-6609BBEE29E6}
		{771725C2-21C1-86E8-0D9B-5B99D5209BB4} = {D10331C3-A80D-4A11-8730-6609BBEE29E6}
		{FD18F4E4-5836-5283-9E73-3A901F3517A4} = {D10331C3-A80D-4A11-8730-6609BBEE29E6}
		{8FE25D65-F8C7-C122-41BC-407240F75F0A} = {D10331C3-A80D-4A11-8730-6609BBEE29E6}
		{66CFDE6A-5F2D-1866-D1DB-551F59B0659F} = {D10331C3-A80D-4A11-8730-6609BBEE29E6}
		{71D7AC2B-296B-E247-D543-05D0F226E01C} = {D10331C3-A80D-4A11-8730-6609BBEE29E6}
		{BFC17851-87ED-5014-E645-7B5BFA24BC7C} = {D10331C3-A80D-4A11-8730-6609BBEE29E6}
		{BBB29D9D-220C-AED2-3492-3BAA642A76A9} = {D10331C3-A80D-4A11-8730-6609BBEE29E6}
		{B97C388B-8404-8592-1FA7-41C386E8C8ED} = {D10331C3-A80D-4A11-8730-6609BBEE29E6}
		{0F937CDF-D1BB-E11A-F5DB-B7D97A48D1EF} = {D10331C3-A80D-4A11-8730-6609BBEE29E6}
		{5D53A4CB-F4C3-0E31-28EE-456C7980CC22} = {D10331C3-A80D-4A11-8730-6609BBEE29E6}
	EndGlobalSection
	GlobalSection(ExtensibilityGlobals) = postSolution
		SolutionGuid = {23CD4D4B-B131-473D-9ECB-5DD96E739671}
	EndGlobalSection
EndGlobal
